{
  "name": "qq_music",
  "version": "1.0.0",
  "lockfileVersion": 2,
  "requires": true,
  "packages": {
    "": {
      "name": "qq_music",
      "version": "1.0.0",
      "license": "ISC",
      "dependencies": {
        "@vant/weapp": "^1.10.7",
        "underscore": "^1.13.6"
      }
    },
    "node_modules/@vant/weapp": {
      "version": "1.10.7",
      "resolved": "https://registry.npmmirror.com/@vant/weapp/-/weapp-1.10.7.tgz",
      "integrity": "sha512-R2FyCk0mK2xvUX2dMgVZjVG512RKBj7ELMDxjRJjhQWtw4495WBgbl5Yb4v2A6d4vWJe6z9toKgDJTciN0Bo9A=="
    },
    "node_modules/underscore": {
      "version": "1.13.6",
      "resolved": "https://registry.npmmirror.com/underscore/-/underscore-1.13.6.tgz",
      "integrity": "sha512-+A5Sja4HP1M08MaXya7p5LvjuM7K6q/2EaC0+iovj/wOcMsTzMvDFbasi/oSapiwOlt252IqsKqPjCl7huKS0A=="
    }
  },
  "dependencies": {
    "@vant/weapp": {
      "version": "1.10.7",
      "resolved": "https://registry.npmmirror.com/@vant/weapp/-/weapp-1.10.7.tgz",
      "integrity": "sha512-R2FyCk0mK2xvUX2dMgVZjVG512RKBj7ELMDxjRJjhQWtw4495WBgbl5Yb4v2A6d4vWJe6z9toKgDJTciN0Bo9A=="
    },
    "underscore": {
      "version": "1.13.6",
      "resolved": "https://registry.npmmirror.com/underscore/-/underscore-1.13.6.tgz",
      "integrity": "sha512-+A5Sja4HP1M08MaXya7p5LvjuM7K6q/2EaC0+iovj/wOcMsTzMvDFbasi/oSapiwOlt252IqsKqPjCl7huKS0A=="
    }
  }
}
